
Microsoft Visual Studio Solution File, Format Version 12.00
# Visual Studio 15
VisualStudioVersion = 15.0.28307.572
MinimumVisualStudioVersion = 10.0.40219.1
Project("{888888A0-9F3D-457C-B088-3A5042F75D52}") = "V3", "V3.pyproj", "{6A53D733-E7E6-4014-BBD4-F312826E5B19}"
EndProject
Global
	GlobalSection(SolutionConfigurationPlatforms) = preSolution
		Debug|Any CPU = Debug|Any CPU
		Release|Any CPU = Release|Any CPU
	EndGlobalSection
	GlobalSection(ProjectConfigurationPlatforms) = postSolution
		{6A53D733-E7E6-4014-BBD4-F312826E5B19}.Debug|Any CPU.ActiveCfg = Debug|Any CPU
		{6A53D733-E7E6-4014-BBD4-F312826E5B19}.Release|Any CPU.ActiveCfg = Release|Any CPU
	EndGlobalSection
	GlobalSection(SolutionProperties) = preSolution
		HideSolutionNode = FALSE
	EndGlobalSection
	GlobalSection(ExtensibilityGlobals) = postSolution
		SolutionGuid = {AD7EB74F-327B-4555-834C-16B328D862D6}
	EndGlobalSection
EndGlobal
